
Microsoft Visual Studio Solution File, Format Version 12.00
# Visual Studio 14
VisualStudioVersion = 14.0.25420.1
MinimumVisualStudioVersion = 10.0.40219.1
Project("{2150E333-8FDC-42A3-9474-1A3956D46DE8}") = "1 - Presentation", "1 - Presentation", "{38D85636-8CC5-465F-8B40-6D417B17EA6A}"
EndProject
Project("{2150E333-8FDC-42A3-9474-1A3956D46DE8}") = "2 - Services", "2 - Services", "{F2B9FFE9-8617-4A37-9E92-CE2C04D4B313}"
EndProject
Project("{2150E333-8FDC-42A3-9474-1A3956D46DE8}") = "3 - Application", "3 - Application", "{D9D08A60-FF5E-46D2-9129-8260A9CCC98E}"
EndProject
Project("{2150E333-8FDC-42A3-9474-1A3956D46DE8}") = "4 - Domain", "4 - Domain", "{1CBACAA1-BF02-4B0B-B1C3-6F98C1EA4B96}"
EndProject
Project("{2150E333-8FDC-42A3-9474-1A3956D46DE8}") = "5 - Infra", "5 - Infra", "{1DA33DE6-6D60-4A0D-B11F-B7DCCC682EA9}"
EndProject
Project("{2150E333-8FDC-42A3-9474-1A3956D46DE8}") = "5.1 - Data", "5.1 - Data", "{50592EFC-B1DE-4F27-B457-613705B9E604}"
EndProject
Project("{2150E333-8FDC-42A3-9474-1A3956D46DE8}") = "5.2 - CrossCutting", "5.2 - CrossCutting", "{48FC3D10-6CCB-4102-B84D-43165046464B}"
EndProject
Project("{FAE04EC0-301F-11D3-BF4B-00C04F79EFBC}") = "GL.AppEnterprise.UI.Mvc", "src\GL.AppEnterprise.UI.Mvc\GL.AppEnterprise.UI.Mvc.csproj", "{87B97CDC-C4FE-4FBA-8D57-AB16AF213BC0}"
EndProject
Project("{FAE04EC0-301F-11D3-BF4B-00C04F79EFBC}") = "GL.AppEnterprise.Domain", "src\GL.AppEnterprise.Domain\GL.AppEnterprise.Domain.csproj", "{A5854DBB-5FE1-41F9-904D-D72A683BF514}"
EndProject
Project("{FAE04EC0-301F-11D3-BF4B-00C04F79EFBC}") = "GL.AppEnterprise.Infra.Data", "src\GL.AppEnterprise.Infra.Data\GL.AppEnterprise.Infra.Data.csproj", "{682F294A-CF01-41C8-8703-CD207B4B2DB8}"
EndProject
Project("{FAE04EC0-301F-11D3-BF4B-00C04F79EFBC}") = "GL.AppEnterprise.Application", "src\GL.AppEnterprise.Application\GL.AppEnterprise.Application.csproj", "{374A2990-D87B-42CC-B9B3-B044F3F19EB3}"
EndProject
Global
	GlobalSection(SolutionConfigurationPlatforms) = preSolution
		Debug|Any CPU = Debug|Any CPU
		Release|Any CPU = Release|Any CPU
	EndGlobalSection
	GlobalSection(ProjectConfigurationPlatforms) = postSolution
		{87B97CDC-C4FE-4FBA-8D57-AB16AF213BC0}.Debug|Any CPU.ActiveCfg = Debug|Any CPU
		{87B97CDC-C4FE-4FBA-8D57-AB16AF213BC0}.Debug|Any CPU.Build.0 = Debug|Any CPU
		{87B97CDC-C4FE-4FBA-8D57-AB16AF213BC0}.Release|Any CPU.ActiveCfg = Release|Any CPU
		{87B97CDC-C4FE-4FBA-8D57-AB16AF213BC0}.Release|Any CPU.Build.0 = Release|Any CPU
		{A5854DBB-5FE1-41F9-904D-D72A683BF514}.Debug|Any CPU.ActiveCfg = Debug|Any CPU
		{A5854DBB-5FE1-41F9-904D-D72A683BF514}.Debug|Any CPU.Build.0 = Debug|Any CPU
		{A5854DBB-5FE1-41F9-904D-D72A683BF514}.Release|Any CPU.ActiveCfg = Release|Any CPU
		{A5854DBB-5FE1-41F9-904D-D72A683BF514}.Release|Any CPU.Build.0 = Release|Any CPU
		{682F294A-CF01-41C8-8703-CD207B4B2DB8}.Debug|Any CPU.ActiveCfg = Debug|Any CPU
		{682F294A-CF01-41C8-8703-CD207B4B2DB8}.Debug|Any CPU.Build.0 = Debug|Any CPU
		{682F294A-CF01-41C8-8703-CD207B4B2DB8}.Release|Any CPU.ActiveCfg = Release|Any CPU
		{682F294A-CF01-41C8-8703-CD207B4B2DB8}.Release|Any CPU.Build.0 = Release|Any CPU
		{374A2990-D87B-42CC-B9B3-B044F3F19EB3}.Debug|Any CPU.ActiveCfg = Debug|Any CPU
		{374A2990-D87B-42CC-B9B3-B044F3F19EB3}.Debug|Any CPU.Build.0 = Debug|Any CPU
		{374A2990-D87B-42CC-B9B3-B044F3F19EB3}.Release|Any CPU.ActiveCfg = Release|Any CPU
		{374A2990-D87B-42CC-B9B3-B044F3F19EB3}.Release|Any CPU.Build.0 = Release|Any CPU
	EndGlobalSection
	GlobalSection(SolutionProperties) = preSolution
		HideSolutionNode = FALSE
	EndGlobalSection
	GlobalSection(NestedProjects) = preSolution
		{50592EFC-B1DE-4F27-B457-613705B9E604} = {1DA33DE6-6D60-4A0D-B11F-B7DCCC682EA9}
		{48FC3D10-6CCB-4102-B84D-43165046464B} = {1DA33DE6-6D60-4A0D-B11F-B7DCCC682EA9}
		{87B97CDC-C4FE-4FBA-8D57-AB16AF213BC0} = {38D85636-8CC5-465F-8B40-6D417B17EA6A}
		{A5854DBB-5FE1-41F9-904D-D72A683BF514} = {1CBACAA1-BF02-4B0B-B1C3-6F98C1EA4B96}
		{682F294A-CF01-41C8-8703-CD207B4B2DB8} = {50592EFC-B1DE-4F27-B457-613705B9E604}
		{374A2990-D87B-42CC-B9B3-B044F3F19EB3} = {D9D08A60-FF5E-46D2-9129-8260A9CCC98E}
	EndGlobalSection
EndGlobal
